
Microsoft Visual Studio Solution File, Format Version 12.00
# Visual Studio 2012
Project("{FAE04EC0-301F-11D3-BF4B-00C04F79EFBC}") = "APF", "APF\APF.csproj", "{90E24105-932A-4724-AE55-0AB155075750}"
EndProject
Project("{FAE04EC0-301F-11D3-BF4B-00C04F79EFBC}") = "TestHarness", "TestHarness\TestHarness.csproj", "{2383963E-F650-43E5-BC1B-18B58535495A}"
EndProject
Global
	GlobalSection(SolutionConfigurationPlatforms) = preSolution
		Debug|Any CPU = Debug|Any CPU
		Release|Any CPU = Release|Any CPU
	EndGlobalSection
	GlobalSection(ProjectConfigurationPlatforms) = postSolution
		{90E24105-932A-4724-AE55-0AB155075750}.Debug|Any CPU.ActiveCfg = Debug|Any CPU
		{90E24105-932A-4724-AE55-0AB155075750}.Debug|Any CPU.Build.0 = Debug|Any CPU
		{90E24105-932A-4724-AE55-0AB155075750}.Release|Any CPU.ActiveCfg = Release|Any CPU
		{90E24105-932A-4724-AE55-0AB155075750}.Release|Any CPU.Build.0 = Release|Any CPU
		{2383963E-F650-43E5-BC1B-18B58535495A}.Debug|Any CPU.ActiveCfg = Debug|Any CPU
		{2383963E-F650-43E5-BC1B-18B58535495A}.Debug|Any CPU.Build.0 = Debug|Any CPU
		{2383963E-F650-43E5-BC1B-18B58535495A}.Release|Any CPU.ActiveCfg = Release|Any CPU
		{2383963E-F650-43E5-BC1B-18B58535495A}.Release|Any CPU.Build.0 = Release|Any CPU
	EndGlobalSection
EndGlobal
